
Microsoft Visual Studio Solution File, Format Version 12.00
# Visual Studio 15
VisualStudioVersion = 15.0.28307.489
MinimumVisualStudioVersion = 10.0.40219.1
Project("{9A19103F-16F7-4668-BE54-9A1E7A4F7556}") = "EFConsoleApp", "EFConsoleApp\EFConsoleApp.csproj", "{AFE70994-D207-4408-A479-799FC76386CE}"
EndProject
Project("{9A19103F-16F7-4668-BE54-9A1E7A4F7556}") = "BookApp", "BookApp\BookApp.csproj", "{A32C76F0-290C-4248-AAB4-14BCD40ECC74}"
EndProject
Project("{9A19103F-16F7-4668-BE54-9A1E7A4F7556}") = "AlunoApp", "AlunoApp\AlunoApp.csproj", "{B4E2880C-F109-4981-9DA6-A414FC15BAC3}"
EndProject
Project("{9A19103F-16F7-4668-BE54-9A1E7A4F7556}") = "FluentAPIApp", "FluentAPIApp\FluentAPIApp.csproj", "{65031166-E92B-4CEE-81CE-CC27E1D912B1}"
EndProject
Project("{FAE04EC0-301F-11D3-BF4B-00C04F79EFBC}") = "DataAnotApp", "DataAnotApp\DataAnotApp.csproj", "{119BE53C-2323-4504-B626-D258F1BB58B8}"
EndProject
Global
	GlobalSection(SolutionConfigurationPlatforms) = preSolution
		Debug|Any CPU = Debug|Any CPU
		Release|Any CPU = Release|Any CPU
	EndGlobalSection
	GlobalSection(ProjectConfigurationPlatforms) = postSolution
		{AFE70994-D207-4408-A479-799FC76386CE}.Debug|Any CPU.ActiveCfg = Debug|Any CPU
		{AFE70994-D207-4408-A479-799FC76386CE}.Debug|Any CPU.Build.0 = Debug|Any CPU
		{AFE70994-D207-4408-A479-799FC76386CE}.Release|Any CPU.ActiveCfg = Release|Any CPU
		{AFE70994-D207-4408-A479-799FC76386CE}.Release|Any CPU.Build.0 = Release|Any CPU
		{A32C76F0-290C-4248-AAB4-14BCD40ECC74}.Debug|Any CPU.ActiveCfg = Debug|Any CPU
		{A32C76F0-290C-4248-AAB4-14BCD40ECC74}.Debug|Any CPU.Build.0 = Debug|Any CPU
		{A32C76F0-290C-4248-AAB4-14BCD40ECC74}.Release|Any CPU.ActiveCfg = Release|Any CPU
		{A32C76F0-290C-4248-AAB4-14BCD40ECC74}.Release|Any CPU.Build.0 = Release|Any CPU
		{B4E2880C-F109-4981-9DA6-A414FC15BAC3}.Debug|Any CPU.ActiveCfg = Debug|Any CPU
		{B4E2880C-F109-4981-9DA6-A414FC15BAC3}.Debug|Any CPU.Build.0 = Debug|Any CPU
		{B4E2880C-F109-4981-9DA6-A414FC15BAC3}.Release|Any CPU.ActiveCfg = Release|Any CPU
		{B4E2880C-F109-4981-9DA6-A414FC15BAC3}.Release|Any CPU.Build.0 = Release|Any CPU
		{65031166-E92B-4CEE-81CE-CC27E1D912B1}.Debug|Any CPU.ActiveCfg = Debug|Any CPU
		{65031166-E92B-4CEE-81CE-CC27E1D912B1}.Debug|Any CPU.Build.0 = Debug|Any CPU
		{65031166-E92B-4CEE-81CE-CC27E1D912B1}.Release|Any CPU.ActiveCfg = Release|Any CPU
		{65031166-E92B-4CEE-81CE-CC27E1D912B1}.Release|Any CPU.Build.0 = Release|Any CPU
		{119BE53C-2323-4504-B626-D258F1BB58B8}.Debug|Any CPU.ActiveCfg = Debug|Any CPU
		{119BE53C-2323-4504-B626-D258F1BB58B8}.Debug|Any CPU.Build.0 = Debug|Any CPU
		{119BE53C-2323-4504-B626-D258F1BB58B8}.Release|Any CPU.ActiveCfg = Release|Any CPU
		{119BE53C-2323-4504-B626-D258F1BB58B8}.Release|Any CPU.Build.0 = Release|Any CPU
	EndGlobalSection
	GlobalSection(SolutionProperties) = preSolution
		HideSolutionNode = FALSE
	EndGlobalSection
	GlobalSection(ExtensibilityGlobals) = postSolution
		SolutionGuid = {31D0EB44-8D13-4E00-8889-6A16F553667A}
	EndGlobalSection
EndGlobal
